
Microsoft Visual Studio Solution File, Format Version 12.00
# Visual Studio Version 18
VisualStudioVersion = 18.6.11819.183
MinimumVisualStudioVersion = 10.0.40219.1
Project("{FAE04EC0-301F-11D3-BF4B-00C04F79EFBC}") = "Ejemplo_1", "Ejemplo_1\Ejemplo_1.csproj", "{1E547E14-FEEC-4FA0-8E9B-5F071A34C055}"
EndProject
Project("{FAE04EC0-301F-11D3-BF4B-00C04F79EFBC}") = "Ejercicio_2", "Ejercicio_2\Ejercicio_2.csproj", "{8EBD1FD3-79FE-402E-9825-7AEB42AB9B45}"
EndProject
Project("{FAE04EC0-301F-11D3-BF4B-00C04F79EFBC}") = "Ejercicio_3", "Ejercicio_3\Ejercicio_3.csproj", "{ABCE153F-2EEB-418D-B050-016E8F04BC12}"
EndProject
Project("{FAE04EC0-301F-11D3-BF4B-00C04F79EFBC}") = "Ejercicio_4", "Ejercicio_4\Ejercicio_4.csproj", "{67157EB2-9EAF-4852-9313-81B252C0F322}"
EndProject
Project("{FAE04EC0-301F-11D3-BF4B-00C04F79EFBC}") = "Ejercicio_5", "Ejercicio_5\Ejercicio_5.csproj", "{0AD0E50F-AAA1-4744-91B5-6C8D1CAF6612}"
EndProject
Project("{FAE04EC0-301F-11D3-BF4B-00C04F79EFBC}") = "Ejercicio_6", "Ejercicio_6\Ejercicio_6.csproj", "{13796694-B4D4-4B7B-9962-534570E6033A}"
EndProject
Project("{FAE04EC0-301F-11D3-BF4B-00C04F79EFBC}") = "Ejercicio_7", "Ejercicio_7\Ejercicio_7.csproj", "{CE6AD6D2-B601-4621-8DE1-C46E52D20425}"
EndProject
Project("{FAE04EC0-301F-11D3-BF4B-00C04F79EFBC}") = "Ejercicio_8", "Ejercicio_8\Ejercicio_8.csproj", "{092C2C9E-6F65-4D8A-B100-3DBE412146A7}"
EndProject
Project("{FAE04EC0-301F-11D3-BF4B-00C04F79EFBC}") = "Ejercicio_9", "Ejercicio_9\Ejercicio_9.csproj", "{63707A08-0A91-4D93-A34B-856F87199A8A}"
EndProject
Global
	GlobalSection(SolutionConfigurationPlatforms) = preSolution
		Debug|Any CPU = Debug|Any CPU
		Release|Any CPU = Release|Any CPU
	EndGlobalSection
	GlobalSection(ProjectConfigurationPlatforms) = postSolution
		{1E547E14-FEEC-4FA0-8E9B-5F071A34C055}.Debug|Any CPU.ActiveCfg = Debug|Any CPU
		{1E547E14-FEEC-4FA0-8E9B-5F071A34C055}.Debug|Any CPU.Build.0 = Debug|Any CPU
		{1E547E14-FEEC-4FA0-8E9B-5F071A34C055}.Release|Any CPU.ActiveCfg = Release|Any CPU
		{1E547E14-FEEC-4FA0-8E9B-5F071A34C055}.Release|Any CPU.Build.0 = Release|Any CPU
		{8EBD1FD3-79FE-402E-9825-7AEB42AB9B45}.Debug|Any CPU.ActiveCfg = Debug|Any CPU
		{8EBD1FD3-79FE-402E-9825-7AEB42AB9B45}.Debug|Any CPU.Build.0 = Debug|Any CPU
		{8EBD1FD3-79FE-402E-9825-7AEB42AB9B45}.Release|Any CPU.ActiveCfg = Release|Any CPU
		{8EBD1FD3-79FE-402E-9825-7AEB42AB9B45}.Release|Any CPU.Build.0 = Release|Any CPU
		{ABCE153F-2EEB-418D-B050-016E8F04BC12}.Debug|Any CPU.ActiveCfg = Debug|Any CPU
		{ABCE153F-2EEB-418D-B050-016E8F04BC12}.Debug|Any CPU.Build.0 = Debug|Any CPU
		{ABCE153F-2EEB-418D-B050-016E8F04BC12}.Release|Any CPU.ActiveCfg = Release|Any CPU
		{ABCE153F-2EEB-418D-B050-016E8F04BC12}.Release|Any CPU.Build.0 = Release|Any CPU
		{67157EB2-9EAF-4852-9313-81B252C0F322}.Debug|Any CPU.ActiveCfg = Debug|Any CPU
		{67157EB2-9EAF-4852-9313-81B252C0F322}.Debug|Any CPU.Build.0 = Debug|Any CPU
		{67157EB2-9EAF-4852-9313-81B252C0F322}.Release|Any CPU.ActiveCfg = Release|Any CPU
		{67157EB2-9EAF-4852-9313-81B252C0F322}.Release|Any CPU.Build.0 = Release|Any CPU
		{0AD0E50F-AAA1-4744-91B5-6C8D1CAF6612}.Debug|Any CPU.ActiveCfg = Debug|Any CPU
		{0AD0E50F-AAA1-4744-91B5-6C8D1CAF6612}.Debug|Any CPU.Build.0 = Debug|Any CPU
		{0AD0E50F-AAA1-4744-91B5-6C8D1CAF6612}.Release|Any CPU.ActiveCfg = Release|Any CPU
		{0AD0E50F-AAA1-4744-91B5-6C8D1CAF6612}.Release|Any CPU.Build.0 = Release|Any CPU
		{13796694-B4D4-4B7B-9962-534570E6033A}.Debug|Any CPU.ActiveCfg = Debug|Any CPU
		{13796694-B4D4-4B7B-9962-534570E6033A}.Debug|Any CPU.Build.0 = Debug|Any CPU
		{13796694-B4D4-4B7B-9962-534570E6033A}.Release|Any CPU.ActiveCfg = Release|Any CPU
		{13796694-B4D4-4B7B-9962-534570E6033A}.Release|Any CPU.Build.0 = Release|Any CPU
		{CE6AD6D2-B601-4621-8DE1-C46E52D20425}.Debug|Any CPU.ActiveCfg = Debug|Any CPU
		{CE6AD6D2-B601-4621-8DE1-C46E52D20425}.Debug|Any CPU.Build.0 = Debug|Any CPU
		{CE6AD6D2-B601-4621-8DE1-C46E52D20425}.Release|Any CPU.ActiveCfg = Release|Any CPU
		{CE6AD6D2-B601-4621-8DE1-C46E52D20425}.Release|Any CPU.Build.0 = Release|Any CPU
		{092C2C9E-6F65-4D8A-B100-3DBE412146A7}.Debug|Any CPU.ActiveCfg = Debug|Any CPU
		{092C2C9E-6F65-4D8A-B100-3DBE412146A7}.Debug|Any CPU.Build.0 = Debug|Any CPU
		{092C2C9E-6F65-4D8A-B100-3DBE412146A7}.Release|Any CPU.ActiveCfg = Release|Any CPU
		{092C2C9E-6F65-4D8A-B100-3DBE412146A7}.Release|Any CPU.Build.0 = Release|Any CPU
		{63707A08-0A91-4D93-A34B-856F87199A8A}.Debug|Any CPU.ActiveCfg = Debug|Any CPU
		{63707A08-0A91-4D93-A34B-856F87199A8A}.Debug|Any CPU.Build.0 = Debug|Any CPU
		{63707A08-0A91-4D93-A34B-856F87199A8A}.Release|Any CPU.ActiveCfg = Release|Any CPU
		{63707A08-0A91-4D93-A34B-856F87199A8A}.Release|Any CPU.Build.0 = Release|Any CPU
	EndGlobalSection
	GlobalSection(SolutionProperties) = preSolution
		HideSolutionNode = FALSE
	EndGlobalSection
	GlobalSection(ExtensibilityGlobals) = postSolution
		SolutionGuid = {6A470C56-06FA-43B4-BA10-A161A162C366}
	EndGlobalSection
EndGlobal
